{
  "name": "thetis",
  "version": "0.1.0",
  "lockfileVersion": 3,
  "requires": true,
  "packages": {
    "": {
      "name": "thetis",
      "version": "0.1.0",
      "workspaces": [
        "packages/*"
      ],
      "bin": {
        "thetis": "bin/thetis.js"
      },
      "devDependencies": {
        "@types/node": "^24.3.0",
        "typescript": "^5.9.2"
      }
    },
    "node_modules/@thetis/contracts": {
      "resolved": "packages/contracts",
      "link": true
    },
    "node_modules/@thetis/door": {
      "resolved": "packages/door",
      "link": true
    },
    "node_modules/@thetis/exa": {
      "resolved": "packages/exa",
      "link": true
    },
    "node_modules/@thetis/gateway-cli": {
      "resolved": "packages/gateway-cli",
      "link": true
    },
    "node_modules/@thetis/gateway-login": {
      "resolved": "packages/gateway-login",
      "link": true
    },
    "node_modules/@thetis/gateway-web": {
      "resolved": "packages/gateway-web",
      "link": true
    },
    "node_modules/@thetis/harness-core": {
      "resolved": "packages/harness-core",
      "link": true
    },
    "node_modules/@thetis/host": {
      "resolved": "packages/host",
      "link": true
    },
    "node_modules/@thetis/kernel": {
      "resolved": "packages/kernel",
      "link": true
    },
    "node_modules/@thetis/lib": {
      "resolved": "packages/lib",
      "link": true
    },
    "node_modules/@thetis/marketplace": {
      "resolved": "packages/marketplace",
      "link": true
    },
    "node_modules/@thetis/prompt-cache": {
      "resolved": "packages/prompt-cache",
      "link": true
    },
    "node_modules/@thetis/provider-openrouter": {
      "resolved": "packages/provider-openrouter",
      "link": true
    },
    "node_modules/@thetis/sandbox": {
      "resolved": "packages/sandbox",
      "link": true
    },
    "node_modules/@thetis/tool-exec": {
      "resolved": "packages/tool-exec",
      "link": true
    },
    "node_modules/@thetis/tools-files": {
      "resolved": "packages/tools-files",
      "link": true
    },
    "node_modules/@thetis/tools-plan": {
      "resolved": "packages/tools-plan",
      "link": true
    },
    "node_modules/@thetis/userspace-agent": {
      "resolved": "packages/userspace-agent",
      "link": true
    },
    "node_modules/@types/node": {
      "version": "24.13.4",
      "resolved": "https://registry.npmjs.org/@types/node/-/node-24.13.4.tgz",
      "integrity": "sha512-YJ7EqCstVTzIr0fMr7qul/977en+pQHrfmuKIo6Zr9i75Be21dr3MovcfvGtyvi2HAUrRerWps5sMO9I7WaxDw==",
      "dev": true,
      "license": "MIT",
      "dependencies": {
        "undici-types": "~7.18.0"
      }
    },
    "node_modules/typescript": {
      "version": "5.9.3",
      "resolved": "https://registry.npmjs.org/typescript/-/typescript-5.9.3.tgz",
      "integrity": "sha512-jl1vZzPDinLr9eUt3J/t7V6FgNEw9QjvBPdysz9KfQDD41fQrC2Y4vKQdiaUpFT4bXlb1RHhLpp8wtm6M5TgSw==",
      "dev": true,
      "license": "Apache-2.0",
      "bin": {
        "tsc": "bin/tsc",
        "tsserver": "bin/tsserver"
      },
      "engines": {
        "node": ">=14.17"
      }
    },
    "node_modules/undici-types": {
      "version": "7.18.2",
      "resolved": "https://registry.npmjs.org/undici-types/-/undici-types-7.18.2.tgz",
      "integrity": "sha512-AsuCzffGHJybSaRrmr5eHr81mwJU3kjw6M+uprWvCXiNeN9SOGwQ3Jn8jb8m3Z6izVgknn1R0FTCEAP2QrLY/w==",
      "dev": true,
      "license": "MIT"
    },
    "packages/contracts": {
      "name": "@thetis/contracts",
      "version": "0.1.0"
    },
    "packages/door": {
      "name": "@thetis/door",
      "version": "0.1.0"
    },
    "packages/exa": {
      "name": "@thetis/exa",
      "version": "0.1.0",
      "devDependencies": {
        "@thetis/contracts": "^0.1.0"
      },
      "peerDependencies": {
        "@thetis/contracts": "^0.1.0"
      }
    },
    "packages/gateway-cli": {
      "name": "@thetis/gateway-cli",
      "version": "0.1.0",
      "dependencies": {
        "@thetis/contracts": "^0.1.0",
        "@thetis/door": "^0.1.0",
        "@thetis/host": "^0.1.0",
        "@thetis/kernel": "^0.1.0",
        "@thetis/lib": "^0.1.0"
      }
    },
    "packages/gateway-login": {
      "name": "@thetis/gateway-login",
      "version": "0.1.0",
      "devDependencies": {
        "@thetis/contracts": "^0.1.0"
      },
      "peerDependencies": {
        "@thetis/contracts": "^0.1.0"
      }
    },
    "packages/gateway-web": {
      "name": "@thetis/gateway-web",
      "version": "0.1.0",
      "dependencies": {
        "@thetis/marketplace": "^0.1.0"
      },
      "devDependencies": {
        "@thetis/contracts": "^0.1.0",
        "@thetis/door": "^0.1.0",
        "@thetis/gateway-login": "^0.1.0",
        "@thetis/host": "^0.1.0",
        "@thetis/kernel": "^0.1.0"
      },
      "peerDependencies": {
        "@thetis/contracts": "^0.1.0"
      }
    },
    "packages/harness-core": {
      "name": "@thetis/harness-core",
      "version": "0.1.0",
      "devDependencies": {
        "@thetis/contracts": "^0.1.0"
      },
      "peerDependencies": {
        "@thetis/contracts": "^0.1.0"
      }
    },
    "packages/host": {
      "name": "@thetis/host",
      "version": "0.1.0",
      "dependencies": {
        "@thetis/contracts": "^0.1.0",
        "@thetis/kernel": "^0.1.0",
        "@thetis/lib": "^0.1.0",
        "@thetis/sandbox": "^0.1.0"
      }
    },
    "packages/kernel": {
      "name": "@thetis/kernel",
      "version": "0.1.0",
      "dependencies": {
        "@thetis/contracts": "^0.1.0",
        "@thetis/lib": "^0.1.0"
      }
    },
    "packages/lib": {
      "name": "@thetis/lib",
      "version": "0.1.0",
      "dependencies": {
        "@thetis/contracts": "^0.1.0"
      }
    },
    "packages/marketplace": {
      "name": "@thetis/marketplace",
      "version": "0.1.0",
      "devDependencies": {
        "@thetis/contracts": "^0.1.0"
      },
      "peerDependencies": {
        "@thetis/contracts": "^0.1.0"
      }
    },
    "packages/prompt-cache": {
      "name": "@thetis/prompt-cache",
      "version": "0.1.0",
      "devDependencies": {
        "@thetis/contracts": "^0.1.0"
      },
      "peerDependencies": {
        "@thetis/contracts": "^0.1.0"
      }
    },
    "packages/provider-openrouter": {
      "name": "@thetis/provider-openrouter",
      "version": "0.1.0",
      "dependencies": {
        "@thetis/prompt-cache": "^0.1.0"
      },
      "devDependencies": {
        "@thetis/contracts": "^0.1.0"
      },
      "peerDependencies": {
        "@thetis/contracts": "^0.1.0"
      }
    },
    "packages/sandbox": {
      "name": "@thetis/sandbox",
      "version": "0.1.0",
      "dependencies": {
        "@thetis/contracts": "^0.1.0",
        "@thetis/lib": "^0.1.0"
      }
    },
    "packages/tool-exec": {
      "name": "@thetis/tool-exec",
      "version": "0.1.0",
      "dependencies": {
        "@thetis/lib": "^0.1.0"
      },
      "devDependencies": {
        "@thetis/contracts": "^0.1.0"
      },
      "peerDependencies": {
        "@thetis/contracts": "^0.1.0"
      }
    },
    "packages/tools-files": {
      "name": "@thetis/tools-files",
      "version": "0.1.0"
    },
    "packages/tools-plan": {
      "name": "@thetis/tools-plan",
      "version": "0.2.0"
    },
    "packages/userspace-agent": {
      "name": "@thetis/userspace-agent",
      "version": "0.1.0",
      "dependencies": {
        "@thetis/contracts": "^0.1.0",
        "@thetis/lib": "^0.1.0"
      }
    }
  }
}
